
Microsoft Visual Studio Solution File, Format Version 12.00
# Visual Studio Version 17
VisualStudioVersion = 17.6.33829.357
MinimumVisualStudioVersion = 10.0.40219.1
Project("{FAE04EC0-301F-11D3-BF4B-00C04F79EFBC}") = "RCWS_Situation-room(only udp)", "RCWS_Situation-room(only udp)\RCWS_Situation-room(only udp).csproj", "{DFA2ECBE-802B-43AC-A43C-0F3674136610}"
EndProject
Global
	GlobalSection(SolutionConfigurationPlatforms) = preSolution
		Debug|Any CPU = Debug|Any CPU
		Release|Any CPU = Release|Any CPU
	EndGlobalSection
	GlobalSection(ProjectConfigurationPlatforms) = postSolution
		{DFA2ECBE-802B-43AC-A43C-0F3674136610}.Debug|Any CPU.ActiveCfg = Debug|Any CPU
		{DFA2ECBE-802B-43AC-A43C-0F3674136610}.Debug|Any CPU.Build.0 = Debug|Any CPU
		{DFA2ECBE-802B-43AC-A43C-0F3674136610}.Release|Any CPU.ActiveCfg = Release|Any CPU
		{DFA2ECBE-802B-43AC-A43C-0F3674136610}.Release|Any CPU.Build.0 = Release|Any CPU
	EndGlobalSection
	GlobalSection(SolutionProperties) = preSolution
		HideSolutionNode = FALSE
	EndGlobalSection
	GlobalSection(ExtensibilityGlobals) = postSolution
		SolutionGuid = {F94E3270-EF1D-4010-8EFC-EBE1CBDB8B34}
	EndGlobalSection
EndGlobal
